
Microsoft Visual Studio Solution File, Format Version 12.00
# Visual Studio Version 17
VisualStudioVersion = 17.0.31903.59
MinimumVisualStudioVersion = 10.0.40219.1
Project("{2150E333-8FDC-42A3-9474-1A3956D46DE8}") = "Solution Items", "Solution Items", "{11407727-77AD-49C3-8FC1-147725E1EFF1}"
	ProjectSection(SolutionItems) = preProject
		.editorconfig = .editorconfig
		RuleSet.ruleset = RuleSet.ruleset
	EndProjectSection
EndProject
Project("{2150E333-8FDC-42A3-9474-1A3956D46DE8}") = "Shared", "Shared", "{FEA3AD0C-302B-476E-82C3-5DEE8EE37DB8}"
EndProject
Project("{2150E333-8FDC-42A3-9474-1A3956D46DE8}") = "Services", "Services", "{DD8A7AE2-F742-4828-A8F0-8171F1D0AAB2}"
EndProject
Project("{2150E333-8FDC-42A3-9474-1A3956D46DE8}") = "Tests", "Tests", "{8331F777-98CF-481F-95EC-D739098D6F46}"
EndProject
Project("{2150E333-8FDC-42A3-9474-1A3956D46DE8}") = "Catalog", "Catalog", "{D41A058F-EE7D-4512-A586-6D5CA7E1DBC6}"
EndProject
Project("{2150E333-8FDC-42A3-9474-1A3956D46DE8}") = "Notifications", "Notifications", "{563733A8-6C68-4CFD-ABE1-116B4CB904F8}"
EndProject
Project("{2150E333-8FDC-42A3-9474-1A3956D46DE8}") = "Tests", "Tests", "{36C2836E-0474-4CBF-AE00-B26C03336BEA}"
EndProject
Project("{9A19103F-16F7-4668-BE54-9A1E7A4F7556}") = "TestUtils", "Shared\TestUtils\TestUtils.csproj", "{DFD1F3DB-E563-4CEE-85EF-FC80472D44F5}"
EndProject
Project("{2150E333-8FDC-42A3-9474-1A3956D46DE8}") = "Basket", "Basket", "{16567834-8BEA-4CE0-BAD1-5824BDB8AE4C}"
EndProject
Project("{9A19103F-16F7-4668-BE54-9A1E7A4F7556}") = "Notifications.Persistence", "Services\Notifications\Notifications.Persistence\Notifications.Persistence.csproj", "{AB21211E-1AAA-4749-A3A4-ACE6D736BCBE}"
EndProject
Project("{9A19103F-16F7-4668-BE54-9A1E7A4F7556}") = "Notifications.Tests", "Services\Notifications\Notifications.Tests\Notifications.Tests.csproj", "{CF097C3E-A199-4B90-86CA-639517C1ACD3}"
EndProject
Project("{2150E333-8FDC-42A3-9474-1A3956D46DE8}") = "Tests", "Tests", "{0E1EC8B2-D735-4D28-B71E-B105136012ED}"
EndProject
Project("{2150E333-8FDC-42A3-9474-1A3956D46DE8}") = "Identity", "Identity", "{19947B02-A1F8-4774-BB2B-0B2E58EBF666}"
EndProject
Project("{9A19103F-16F7-4668-BE54-9A1E7A4F7556}") = "Identity.Domain", "Services\Identity\Identity.Domain\Identity.Domain.csproj", "{2E2BB9E3-78ED-4FB4-BAC4-A4DA4A1C4821}"
EndProject
Project("{9A19103F-16F7-4668-BE54-9A1E7A4F7556}") = "Identity.Persistence", "Services\Identity\Identity.Persistence\Identity.Persistence.csproj", "{3CEC6277-4C29-4B4A-8D7C-BC8C38BE5518}"
EndProject
Project("{9A19103F-16F7-4668-BE54-9A1E7A4F7556}") = "Identity.Services", "Services\Identity\Identity.Services\Identity.Services.csproj", "{D8994845-9A70-438D-9E77-4E4223F14568}"
EndProject
Project("{9A19103F-16F7-4668-BE54-9A1E7A4F7556}") = "Basket.WebService", "Services\Basket\Basket.WebService\Basket.WebService.csproj", "{9C55794C-3E28-441E-9891-04D9699F0589}"
EndProject
Project("{2150E333-8FDC-42A3-9474-1A3956D46DE8}") = "Tests", "Tests", "{3FB0DD7D-8AA8-42DE-84C8-38BF424D6E99}"
EndProject
Project("{9A19103F-16F7-4668-BE54-9A1E7A4F7556}") = "Basket.Tests", "Services\Basket\Basket.Tests\Basket.Tests.csproj", "{02EF222B-B224-43B0-9FB6-21B08C1C5B1F}"
EndProject
Project("{9A19103F-16F7-4668-BE54-9A1E7A4F7556}") = "Identity.WebService", "Services\Identity\Identity.WebService\Identity.WebService.csproj", "{E5BD6CC8-1FA5-4EDC-9D64-0A90778DDAD4}"
EndProject
Project("{9A19103F-16F7-4668-BE54-9A1E7A4F7556}") = "Notifications.WebService", "Services\Notifications\Notifications.WebService\Notifications.WebService.csproj", "{2A8DD8F2-9077-44EE-AA60-021EAA140A24}"
EndProject
Project("{2150E333-8FDC-42A3-9474-1A3956D46DE8}") = "Order", "Order", "{2297FFA9-B030-4D52-A395-79CA8606B4F6}"
EndProject
Project("{9A19103F-16F7-4668-BE54-9A1E7A4F7556}") = "Order.WebService", "Services\Order\Order.WebService\Order.WebService.csproj", "{C7627EA1-CFD4-4821-BB03-BE837C9DA805}"
EndProject
Project("{9A19103F-16F7-4668-BE54-9A1E7A4F7556}") = "Basket", "Services\Basket\Basket\Basket.csproj", "{CBBCABE3-EEF1-4AD3-B02A-23FAE0A07DD9}"
EndProject
Project("{9A19103F-16F7-4668-BE54-9A1E7A4F7556}") = "Catalog.WebService", "Services\Catalog\Catalog.WebService\Catalog.WebService.csproj", "{9C5751BE-CDA0-44B4-9982-3739DEE0DCA6}"
EndProject
Project("{9A19103F-16F7-4668-BE54-9A1E7A4F7556}") = "Catalog.Client", "Services\Catalog\Catalog.Client\Catalog.Client.csproj", "{57BE6620-D708-400F-8D61-DC0DCA0089FD}"
EndProject
Project("{9A19103F-16F7-4668-BE54-9A1E7A4F7556}") = "Catalog", "Services\Catalog\Catalog\Catalog.csproj", "{C6E87D1A-C045-432F-9164-631312895ABC}"
EndProject
Project("{9A19103F-16F7-4668-BE54-9A1E7A4F7556}") = "Basket.Client", "Services\Basket\Basket.Client\Basket.Client.csproj", "{7C7AACF1-82F6-4881-A28D-9CCE5D79B26F}"
EndProject
Project("{9A19103F-16F7-4668-BE54-9A1E7A4F7556}") = "Catalog.Tests", "Services\Catalog\Catalog.Tests\Catalog.Tests.csproj", "{50C9217C-184C-48DA-B012-5BF4A3B44CAF}"
EndProject
Project("{9A19103F-16F7-4668-BE54-9A1E7A4F7556}") = "BenchMark", "Services\Catalog\BenchMark\BenchMark.csproj", "{2509AECC-A41F-4113-B895-958C6A7F55C5}"
EndProject
Project("{9A19103F-16F7-4668-BE54-9A1E7A4F7556}") = "Order", "Services\Order\Order\Order.csproj", "{4E4BABE4-4F67-40C8-8C90-8E4F77B0440F}"
EndProject
Project("{2150E333-8FDC-42A3-9474-1A3956D46DE8}") = "Delivery", "Delivery", "{0F1CCBD7-26EA-452D-A811-941D25455720}"
EndProject
Project("{9A19103F-16F7-4668-BE54-9A1E7A4F7556}") = "Identity.Tests", "Services\Identity\Identity.Tests\Identity.Tests.csproj", "{60300329-747D-4FDA-A365-0144A9C0F437}"
EndProject
Project("{9A19103F-16F7-4668-BE54-9A1E7A4F7556}") = "Catalog.Messages", "Services\Catalog\Catalog.Messages\Catalog.Messages.csproj", "{0A7C6DF6-A6AC-4326-A031-F5332055F200}"
EndProject
Project("{2150E333-8FDC-42A3-9474-1A3956D46DE8}") = "Tests", "Tests", "{2E6B690C-7BEB-440C-A7A6-4D7F3910DE0E}"
EndProject
Project("{9A19103F-16F7-4668-BE54-9A1E7A4F7556}") = "Notifications.Services", "Services\Notifications\Notifications.Services\Notifications.Services.csproj", "{0B0DEFAF-04A9-4F3A-94F2-E466834F26E7}"
EndProject
Project("{9A19103F-16F7-4668-BE54-9A1E7A4F7556}") = "Notifications.Domain", "Services\Notifications\Notifications.Domain\Notifications.Domain.csproj", "{FCE3CA9A-31F1-41BD-897F-78976C3C2DD2}"
EndProject
Project("{9A19103F-16F7-4668-BE54-9A1E7A4F7556}") = "Identity.Client", "Services\Identity\Identity.Client\Identity.Client.csproj", "{9F358A30-5610-4671-B2FA-AEDB016D92BF}"
EndProject
Project("{2150E333-8FDC-42A3-9474-1A3956D46DE8}") = "ApiGateways", "ApiGateways", "{97A23845-4419-440D-AEF1-A618C95E29DF}"
EndProject
Project("{9A19103F-16F7-4668-BE54-9A1E7A4F7556}") = "Notifications.Client", "Services\Notifications\Notifications.Client\Notifications.Client.csproj", "{A7312B99-59F5-4B0F-8F6E-6B799A225430}"
EndProject
Project("{9A19103F-16F7-4668-BE54-9A1E7A4F7556}") = "ApiGateway.WebService", "ApiGateways\ApiGateway.WebService\ApiGateway.WebService.csproj", "{09081F43-505B-43AF-A078-F3AE83C33DC3}"
EndProject
Project("{9A19103F-16F7-4668-BE54-9A1E7A4F7556}") = "Domain", "Shared\Domain\Domain.csproj", "{304169EC-5C88-469C-9F6D-25C6D4D5EA04}"
EndProject
Project("{9A19103F-16F7-4668-BE54-9A1E7A4F7556}") = "ApiGateway.Client", "ApiGateways\ApiGateway.Client\ApiGateway.Client.csproj", "{4749313A-C16D-4EAB-A403-505A6B2BDB42}"
EndProject
Project("{9A19103F-16F7-4668-BE54-9A1E7A4F7556}") = "Tests", "Shared\Tests\Tests.csproj", "{858A1246-2549-4DA3-ACD6-A759FAD4870B}"
EndProject
Project("{9A19103F-16F7-4668-BE54-9A1E7A4F7556}") = "Basket.GrpcService", "Services\Basket\Basket.GrpcService\Basket.GrpcService.csproj", "{5B28F9A5-9C2D-46E9-8C3C-3F8A8C776821}"
EndProject
Project("{9A19103F-16F7-4668-BE54-9A1E7A4F7556}") = "Basket.GrpcClient", "Services\Basket\Basket.GrpcClient\Basket.GrpcClient.csproj", "{711C1007-501B-438B-B2CC-D6F6C2DAB935}"
EndProject
Project("{9A19103F-16F7-4668-BE54-9A1E7A4F7556}") = "MasstTransitTests", "Tests\MasstTransitTests\MasstTransitTests.csproj", "{F1F5410F-4A1D-408E-B216-AA9421670AEB}"
EndProject
Project("{9A19103F-16F7-4668-BE54-9A1E7A4F7556}") = "Common.MongoDb", "Shared\Common.MongoDb\Common.MongoDb.csproj", "{00B26835-5B8E-42E9-8DD0-91D9718DAFBF}"
EndProject
Project("{9A19103F-16F7-4668-BE54-9A1E7A4F7556}") = "Common.Utils", "Shared\Common.Utils\Common.Utils.csproj", "{D1E309DE-7CDA-46AE-88F6-7D51EB7DA64F}"
EndProject
Project("{9A19103F-16F7-4668-BE54-9A1E7A4F7556}") = "Common.Swagger", "Shared\Common.Swagger\Common.Swagger.csproj", "{26B2FA3B-C069-4E5D-B809-D541EAFDAA13}"
EndProject
Project("{9A19103F-16F7-4668-BE54-9A1E7A4F7556}") = "Common.Outbox", "Shared\Common.Outbox\Common.Outbox.csproj", "{C4F2E1DE-010D-4CDA-ADFA-6D5CC47890CC}"
EndProject
Project("{FAE04EC0-301F-11D3-BF4B-00C04F79EFBC}") = "Commom.ApiErrors", "Shared\Commom.ApiErrors\Commom.ApiErrors.csproj", "{15D29385-C502-4B97-8EC7-677D2661A0E7}"
EndProject
Project("{FAE04EC0-301F-11D3-BF4B-00C04F79EFBC}") = "Common.Logging", "Shared\Common.Logging\Common.Logging.csproj", "{33C7337A-CDEE-42AF-BDC4-0C1B4FF6F0AA}"
EndProject
Project("{9A19103F-16F7-4668-BE54-9A1E7A4F7556}") = "Common.Hosting", "Shared\Common.Hosting\Common.Hosting.csproj", "{4F44A5CE-FBE1-4B71-8826-6C045A2B45ED}"
EndProject
Global
	GlobalSection(SolutionConfigurationPlatforms) = preSolution
		Debug|Any CPU = Debug|Any CPU
		Release|Any CPU = Release|Any CPU
	EndGlobalSection
	GlobalSection(ProjectConfigurationPlatforms) = postSolution
		{DFD1F3DB-E563-4CEE-85EF-FC80472D44F5}.Debug|Any CPU.ActiveCfg = Debug|Any CPU
		{DFD1F3DB-E563-4CEE-85EF-FC80472D44F5}.Debug|Any CPU.Build.0 = Debug|Any CPU
		{DFD1F3DB-E563-4CEE-85EF-FC80472D44F5}.Release|Any CPU.ActiveCfg = Release|Any CPU
		{DFD1F3DB-E563-4CEE-85EF-FC80472D44F5}.Release|Any CPU.Build.0 = Release|Any CPU
		{AB21211E-1AAA-4749-A3A4-ACE6D736BCBE}.Debug|Any CPU.ActiveCfg = Debug|Any CPU
		{AB21211E-1AAA-4749-A3A4-ACE6D736BCBE}.Debug|Any CPU.Build.0 = Debug|Any CPU
		{AB21211E-1AAA-4749-A3A4-ACE6D736BCBE}.Release|Any CPU.ActiveCfg = Release|Any CPU
		{AB21211E-1AAA-4749-A3A4-ACE6D736BCBE}.Release|Any CPU.Build.0 = Release|Any CPU
		{CF097C3E-A199-4B90-86CA-639517C1ACD3}.Debug|Any CPU.ActiveCfg = Debug|Any CPU
		{CF097C3E-A199-4B90-86CA-639517C1ACD3}.Debug|Any CPU.Build.0 = Debug|Any CPU
		{CF097C3E-A199-4B90-86CA-639517C1ACD3}.Release|Any CPU.ActiveCfg = Release|Any CPU
		{CF097C3E-A199-4B90-86CA-639517C1ACD3}.Release|Any CPU.Build.0 = Release|Any CPU
		{2E2BB9E3-78ED-4FB4-BAC4-A4DA4A1C4821}.Debug|Any CPU.ActiveCfg = Debug|Any CPU
		{2E2BB9E3-78ED-4FB4-BAC4-A4DA4A1C4821}.Debug|Any CPU.Build.0 = Debug|Any CPU
		{2E2BB9E3-78ED-4FB4-BAC4-A4DA4A1C4821}.Release|Any CPU.ActiveCfg = Release|Any CPU
		{2E2BB9E3-78ED-4FB4-BAC4-A4DA4A1C4821}.Release|Any CPU.Build.0 = Release|Any CPU
		{3CEC6277-4C29-4B4A-8D7C-BC8C38BE5518}.Debug|Any CPU.ActiveCfg = Debug|Any CPU
		{3CEC6277-4C29-4B4A-8D7C-BC8C38BE5518}.Debug|Any CPU.Build.0 = Debug|Any CPU
		{3CEC6277-4C29-4B4A-8D7C-BC8C38BE5518}.Release|Any CPU.ActiveCfg = Release|Any CPU
		{3CEC6277-4C29-4B4A-8D7C-BC8C38BE5518}.Release|Any CPU.Build.0 = Release|Any CPU
		{D8994845-9A70-438D-9E77-4E4223F14568}.Debug|Any CPU.ActiveCfg = Debug|Any CPU
		{D8994845-9A70-438D-9E77-4E4223F14568}.Debug|Any CPU.Build.0 = Debug|Any CPU
		{D8994845-9A70-438D-9E77-4E4223F14568}.Release|Any CPU.ActiveCfg = Release|Any CPU
		{D8994845-9A70-438D-9E77-4E4223F14568}.Release|Any CPU.Build.0 = Release|Any CPU
		{9C55794C-3E28-441E-9891-04D9699F0589}.Debug|Any CPU.ActiveCfg = Debug|Any CPU
		{9C55794C-3E28-441E-9891-04D9699F0589}.Debug|Any CPU.Build.0 = Debug|Any CPU
		{9C55794C-3E28-441E-9891-04D9699F0589}.Release|Any CPU.ActiveCfg = Release|Any CPU
		{9C55794C-3E28-441E-9891-04D9699F0589}.Release|Any CPU.Build.0 = Release|Any CPU
		{02EF222B-B224-43B0-9FB6-21B08C1C5B1F}.Debug|Any CPU.ActiveCfg = Debug|Any CPU
		{02EF222B-B224-43B0-9FB6-21B08C1C5B1F}.Debug|Any CPU.Build.0 = Debug|Any CPU
		{02EF222B-B224-43B0-9FB6-21B08C1C5B1F}.Release|Any CPU.ActiveCfg = Release|Any CPU
		{02EF222B-B224-43B0-9FB6-21B08C1C5B1F}.Release|Any CPU.Build.0 = Release|Any CPU
		{E5BD6CC8-1FA5-4EDC-9D64-0A90778DDAD4}.Debug|Any CPU.ActiveCfg = Debug|Any CPU
		{E5BD6CC8-1FA5-4EDC-9D64-0A90778DDAD4}.Debug|Any CPU.Build.0 = Debug|Any CPU
		{E5BD6CC8-1FA5-4EDC-9D64-0A90778DDAD4}.Release|Any CPU.ActiveCfg = Release|Any CPU
		{E5BD6CC8-1FA5-4EDC-9D64-0A90778DDAD4}.Release|Any CPU.Build.0 = Release|Any CPU
		{2A8DD8F2-9077-44EE-AA60-021EAA140A24}.Debug|Any CPU.ActiveCfg = Debug|Any CPU
		{2A8DD8F2-9077-44EE-AA60-021EAA140A24}.Debug|Any CPU.Build.0 = Debug|Any CPU
		{2A8DD8F2-9077-44EE-AA60-021EAA140A24}.Release|Any CPU.ActiveCfg = Release|Any CPU
		{2A8DD8F2-9077-44EE-AA60-021EAA140A24}.Release|Any CPU.Build.0 = Release|Any CPU
		{C7627EA1-CFD4-4821-BB03-BE837C9DA805}.Debug|Any CPU.ActiveCfg = Debug|Any CPU
		{C7627EA1-CFD4-4821-BB03-BE837C9DA805}.Debug|Any CPU.Build.0 = Debug|Any CPU
		{C7627EA1-CFD4-4821-BB03-BE837C9DA805}.Release|Any CPU.ActiveCfg = Release|Any CPU
		{C7627EA1-CFD4-4821-BB03-BE837C9DA805}.Release|Any CPU.Build.0 = Release|Any CPU
		{CBBCABE3-EEF1-4AD3-B02A-23FAE0A07DD9}.Debug|Any CPU.ActiveCfg = Debug|Any CPU
		{CBBCABE3-EEF1-4AD3-B02A-23FAE0A07DD9}.Debug|Any CPU.Build.0 = Debug|Any CPU
		{CBBCABE3-EEF1-4AD3-B02A-23FAE0A07DD9}.Release|Any CPU.ActiveCfg = Release|Any CPU
		{CBBCABE3-EEF1-4AD3-B02A-23FAE0A07DD9}.Release|Any CPU.Build.0 = Release|Any CPU
		{9C5751BE-CDA0-44B4-9982-3739DEE0DCA6}.Debug|Any CPU.ActiveCfg = Debug|Any CPU
		{9C5751BE-CDA0-44B4-9982-3739DEE0DCA6}.Debug|Any CPU.Build.0 = Debug|Any CPU
		{9C5751BE-CDA0-44B4-9982-3739DEE0DCA6}.Release|Any CPU.ActiveCfg = Release|Any CPU
		{9C5751BE-CDA0-44B4-9982-3739DEE0DCA6}.Release|Any CPU.Build.0 = Release|Any CPU
		{57BE6620-D708-400F-8D61-DC0DCA0089FD}.Debug|Any CPU.ActiveCfg = Debug|Any CPU
		{57BE6620-D708-400F-8D61-DC0DCA0089FD}.Debug|Any CPU.Build.0 = Debug|Any CPU
		{57BE6620-D708-400F-8D61-DC0DCA0089FD}.Release|Any CPU.ActiveCfg = Release|Any CPU
		{57BE6620-D708-400F-8D61-DC0DCA0089FD}.Release|Any CPU.Build.0 = Release|Any CPU
		{C6E87D1A-C045-432F-9164-631312895ABC}.Debug|Any CPU.ActiveCfg = Debug|Any CPU
		{C6E87D1A-C045-432F-9164-631312895ABC}.Debug|Any CPU.Build.0 = Debug|Any CPU
		{C6E87D1A-C045-432F-9164-631312895ABC}.Release|Any CPU.ActiveCfg = Release|Any CPU
		{C6E87D1A-C045-432F-9164-631312895ABC}.Release|Any CPU.Build.0 = Release|Any CPU
		{7C7AACF1-82F6-4881-A28D-9CCE5D79B26F}.Debug|Any CPU.ActiveCfg = Debug|Any CPU
		{7C7AACF1-82F6-4881-A28D-9CCE5D79B26F}.Debug|Any CPU.Build.0 = Debug|Any CPU
		{7C7AACF1-82F6-4881-A28D-9CCE5D79B26F}.Release|Any CPU.ActiveCfg = Release|Any CPU
		{7C7AACF1-82F6-4881-A28D-9CCE5D79B26F}.Release|Any CPU.Build.0 = Release|Any CPU
		{50C9217C-184C-48DA-B012-5BF4A3B44CAF}.Debug|Any CPU.ActiveCfg = Debug|Any CPU
		{50C9217C-184C-48DA-B012-5BF4A3B44CAF}.Debug|Any CPU.Build.0 = Debug|Any CPU
		{50C9217C-184C-48DA-B012-5BF4A3B44CAF}.Release|Any CPU.ActiveCfg = Release|Any CPU
		{50C9217C-184C-48DA-B012-5BF4A3B44CAF}.Release|Any CPU.Build.0 = Release|Any CPU
		{2509AECC-A41F-4113-B895-958C6A7F55C5}.Debug|Any CPU.ActiveCfg = Debug|Any CPU
		{2509AECC-A41F-4113-B895-958C6A7F55C5}.Debug|Any CPU.Build.0 = Debug|Any CPU
		{2509AECC-A41F-4113-B895-958C6A7F55C5}.Release|Any CPU.ActiveCfg = Release|Any CPU
		{2509AECC-A41F-4113-B895-958C6A7F55C5}.Release|Any CPU.Build.0 = Release|Any CPU
		{4E4BABE4-4F67-40C8-8C90-8E4F77B0440F}.Debug|Any CPU.ActiveCfg = Debug|Any CPU
		{4E4BABE4-4F67-40C8-8C90-8E4F77B0440F}.Debug|Any CPU.Build.0 = Debug|Any CPU
		{4E4BABE4-4F67-40C8-8C90-8E4F77B0440F}.Release|Any CPU.ActiveCfg = Release|Any CPU
		{4E4BABE4-4F67-40C8-8C90-8E4F77B0440F}.Release|Any CPU.Build.0 = Release|Any CPU
		{60300329-747D-4FDA-A365-0144A9C0F437}.Debug|Any CPU.ActiveCfg = Debug|Any CPU
		{60300329-747D-4FDA-A365-0144A9C0F437}.Debug|Any CPU.Build.0 = Debug|Any CPU
		{60300329-747D-4FDA-A365-0144A9C0F437}.Release|Any CPU.ActiveCfg = Release|Any CPU
		{60300329-747D-4FDA-A365-0144A9C0F437}.Release|Any CPU.Build.0 = Release|Any CPU
		{0A7C6DF6-A6AC-4326-A031-F5332055F200}.Debug|Any CPU.ActiveCfg = Debug|Any CPU
		{0A7C6DF6-A6AC-4326-A031-F5332055F200}.Debug|Any CPU.Build.0 = Debug|Any CPU
		{0A7C6DF6-A6AC-4326-A031-F5332055F200}.Release|Any CPU.ActiveCfg = Release|Any CPU
		{0A7C6DF6-A6AC-4326-A031-F5332055F200}.Release|Any CPU.Build.0 = Release|Any CPU
		{0B0DEFAF-04A9-4F3A-94F2-E466834F26E7}.Debug|Any CPU.ActiveCfg = Debug|Any CPU
		{0B0DEFAF-04A9-4F3A-94F2-E466834F26E7}.Debug|Any CPU.Build.0 = Debug|Any CPU
		{0B0DEFAF-04A9-4F3A-94F2-E466834F26E7}.Release|Any CPU.ActiveCfg = Release|Any CPU
		{0B0DEFAF-04A9-4F3A-94F2-E466834F26E7}.Release|Any CPU.Build.0 = Release|Any CPU
		{FCE3CA9A-31F1-41BD-897F-78976C3C2DD2}.Debug|Any CPU.ActiveCfg = Debug|Any CPU
		{FCE3CA9A-31F1-41BD-897F-78976C3C2DD2}.Debug|Any CPU.Build.0 = Debug|Any CPU
		{FCE3CA9A-31F1-41BD-897F-78976C3C2DD2}.Release|Any CPU.ActiveCfg = Release|Any CPU
		{FCE3CA9A-31F1-41BD-897F-78976C3C2DD2}.Release|Any CPU.Build.0 = Release|Any CPU
		{9F358A30-5610-4671-B2FA-AEDB016D92BF}.Debug|Any CPU.ActiveCfg = Debug|Any CPU
		{9F358A30-5610-4671-B2FA-AEDB016D92BF}.Debug|Any CPU.Build.0 = Debug|Any CPU
		{9F358A30-5610-4671-B2FA-AEDB016D92BF}.Release|Any CPU.ActiveCfg = Release|Any CPU
		{9F358A30-5610-4671-B2FA-AEDB016D92BF}.Release|Any CPU.Build.0 = Release|Any CPU
		{A7312B99-59F5-4B0F-8F6E-6B799A225430}.Debug|Any CPU.ActiveCfg = Debug|Any CPU
		{A7312B99-59F5-4B0F-8F6E-6B799A225430}.Debug|Any CPU.Build.0 = Debug|Any CPU
		{A7312B99-59F5-4B0F-8F6E-6B799A225430}.Release|Any CPU.ActiveCfg = Release|Any CPU
		{A7312B99-59F5-4B0F-8F6E-6B799A225430}.Release|Any CPU.Build.0 = Release|Any CPU
		{09081F43-505B-43AF-A078-F3AE83C33DC3}.Debug|Any CPU.ActiveCfg = Debug|Any CPU
		{09081F43-505B-43AF-A078-F3AE83C33DC3}.Debug|Any CPU.Build.0 = Debug|Any CPU
		{09081F43-505B-43AF-A078-F3AE83C33DC3}.Release|Any CPU.ActiveCfg = Release|Any CPU
		{09081F43-505B-43AF-A078-F3AE83C33DC3}.Release|Any CPU.Build.0 = Release|Any CPU
		{304169EC-5C88-469C-9F6D-25C6D4D5EA04}.Debug|Any CPU.ActiveCfg = Debug|Any CPU
		{304169EC-5C88-469C-9F6D-25C6D4D5EA04}.Debug|Any CPU.Build.0 = Debug|Any CPU
		{304169EC-5C88-469C-9F6D-25C6D4D5EA04}.Release|Any CPU.ActiveCfg = Release|Any CPU
		{304169EC-5C88-469C-9F6D-25C6D4D5EA04}.Release|Any CPU.Build.0 = Release|Any CPU
		{4749313A-C16D-4EAB-A403-505A6B2BDB42}.Debug|Any CPU.ActiveCfg = Debug|Any CPU
		{4749313A-C16D-4EAB-A403-505A6B2BDB42}.Debug|Any CPU.Build.0 = Debug|Any CPU
		{4749313A-C16D-4EAB-A403-505A6B2BDB42}.Release|Any CPU.ActiveCfg = Release|Any CPU
		{4749313A-C16D-4EAB-A403-505A6B2BDB42}.Release|Any CPU.Build.0 = Release|Any CPU
		{858A1246-2549-4DA3-ACD6-A759FAD4870B}.Debug|Any CPU.ActiveCfg = Debug|Any CPU
		{858A1246-2549-4DA3-ACD6-A759FAD4870B}.Debug|Any CPU.Build.0 = Debug|Any CPU
		{858A1246-2549-4DA3-ACD6-A759FAD4870B}.Release|Any CPU.ActiveCfg = Release|Any CPU
		{858A1246-2549-4DA3-ACD6-A759FAD4870B}.Release|Any CPU.Build.0 = Release|Any CPU
		{5B28F9A5-9C2D-46E9-8C3C-3F8A8C776821}.Debug|Any CPU.ActiveCfg = Debug|Any CPU
		{5B28F9A5-9C2D-46E9-8C3C-3F8A8C776821}.Debug|Any CPU.Build.0 = Debug|Any CPU
		{5B28F9A5-9C2D-46E9-8C3C-3F8A8C776821}.Release|Any CPU.ActiveCfg = Release|Any CPU
		{5B28F9A5-9C2D-46E9-8C3C-3F8A8C776821}.Release|Any CPU.Build.0 = Release|Any CPU
		{711C1007-501B-438B-B2CC-D6F6C2DAB935}.Debug|Any CPU.ActiveCfg = Debug|Any CPU
		{711C1007-501B-438B-B2CC-D6F6C2DAB935}.Debug|Any CPU.Build.0 = Debug|Any CPU
		{711C1007-501B-438B-B2CC-D6F6C2DAB935}.Release|Any CPU.ActiveCfg = Release|Any CPU
		{711C1007-501B-438B-B2CC-D6F6C2DAB935}.Release|Any CPU.Build.0 = Release|Any CPU
		{F1F5410F-4A1D-408E-B216-AA9421670AEB}.Debug|Any CPU.ActiveCfg = Debug|Any CPU
		{F1F5410F-4A1D-408E-B216-AA9421670AEB}.Debug|Any CPU.Build.0 = Debug|Any CPU
		{F1F5410F-4A1D-408E-B216-AA9421670AEB}.Release|Any CPU.ActiveCfg = Release|Any CPU
		{F1F5410F-4A1D-408E-B216-AA9421670AEB}.Release|Any CPU.Build.0 = Release|Any CPU
		{00B26835-5B8E-42E9-8DD0-91D9718DAFBF}.Debug|Any CPU.ActiveCfg = Debug|Any CPU
		{00B26835-5B8E-42E9-8DD0-91D9718DAFBF}.Debug|Any CPU.Build.0 = Debug|Any CPU
		{00B26835-5B8E-42E9-8DD0-91D9718DAFBF}.Release|Any CPU.ActiveCfg = Release|Any CPU
		{00B26835-5B8E-42E9-8DD0-91D9718DAFBF}.Release|Any CPU.Build.0 = Release|Any CPU
		{D1E309DE-7CDA-46AE-88F6-7D51EB7DA64F}.Debug|Any CPU.ActiveCfg = Debug|Any CPU
		{D1E309DE-7CDA-46AE-88F6-7D51EB7DA64F}.Debug|Any CPU.Build.0 = Debug|Any CPU
		{D1E309DE-7CDA-46AE-88F6-7D51EB7DA64F}.Release|Any CPU.ActiveCfg = Release|Any CPU
		{D1E309DE-7CDA-46AE-88F6-7D51EB7DA64F}.Release|Any CPU.Build.0 = Release|Any CPU
		{26B2FA3B-C069-4E5D-B809-D541EAFDAA13}.Debug|Any CPU.ActiveCfg = Debug|Any CPU
		{26B2FA3B-C069-4E5D-B809-D541EAFDAA13}.Debug|Any CPU.Build.0 = Debug|Any CPU
		{26B2FA3B-C069-4E5D-B809-D541EAFDAA13}.Release|Any CPU.ActiveCfg = Release|Any CPU
		{26B2FA3B-C069-4E5D-B809-D541EAFDAA13}.Release|Any CPU.Build.0 = Release|Any CPU
		{C4F2E1DE-010D-4CDA-ADFA-6D5CC47890CC}.Debug|Any CPU.ActiveCfg = Debug|Any CPU
		{C4F2E1DE-010D-4CDA-ADFA-6D5CC47890CC}.Debug|Any CPU.Build.0 = Debug|Any CPU
		{C4F2E1DE-010D-4CDA-ADFA-6D5CC47890CC}.Release|Any CPU.ActiveCfg = Release|Any CPU
		{C4F2E1DE-010D-4CDA-ADFA-6D5CC47890CC}.Release|Any CPU.Build.0 = Release|Any CPU
		{15D29385-C502-4B97-8EC7-677D2661A0E7}.Debug|Any CPU.ActiveCfg = Debug|Any CPU
		{15D29385-C502-4B97-8EC7-677D2661A0E7}.Debug|Any CPU.Build.0 = Debug|Any CPU
		{15D29385-C502-4B97-8EC7-677D2661A0E7}.Release|Any CPU.ActiveCfg = Release|Any CPU
		{15D29385-C502-4B97-8EC7-677D2661A0E7}.Release|Any CPU.Build.0 = Release|Any CPU
		{33C7337A-CDEE-42AF-BDC4-0C1B4FF6F0AA}.Debug|Any CPU.ActiveCfg = Debug|Any CPU
		{33C7337A-CDEE-42AF-BDC4-0C1B4FF6F0AA}.Debug|Any CPU.Build.0 = Debug|Any CPU
		{33C7337A-CDEE-42AF-BDC4-0C1B4FF6F0AA}.Release|Any CPU.ActiveCfg = Release|Any CPU
		{33C7337A-CDEE-42AF-BDC4-0C1B4FF6F0AA}.Release|Any CPU.Build.0 = Release|Any CPU
		{4F44A5CE-FBE1-4B71-8826-6C045A2B45ED}.Debug|Any CPU.ActiveCfg = Debug|Any CPU
		{4F44A5CE-FBE1-4B71-8826-6C045A2B45ED}.Debug|Any CPU.Build.0 = Debug|Any CPU
		{4F44A5CE-FBE1-4B71-8826-6C045A2B45ED}.Release|Any CPU.ActiveCfg = Release|Any CPU
		{4F44A5CE-FBE1-4B71-8826-6C045A2B45ED}.Release|Any CPU.Build.0 = Release|Any CPU
	EndGlobalSection
	GlobalSection(SolutionProperties) = preSolution
		HideSolutionNode = FALSE
	EndGlobalSection
	GlobalSection(NestedProjects) = preSolution
		{D41A058F-EE7D-4512-A586-6D5CA7E1DBC6} = {DD8A7AE2-F742-4828-A8F0-8171F1D0AAB2}
		{563733A8-6C68-4CFD-ABE1-116B4CB904F8} = {DD8A7AE2-F742-4828-A8F0-8171F1D0AAB2}
		{36C2836E-0474-4CBF-AE00-B26C03336BEA} = {D41A058F-EE7D-4512-A586-6D5CA7E1DBC6}
		{DFD1F3DB-E563-4CEE-85EF-FC80472D44F5} = {FEA3AD0C-302B-476E-82C3-5DEE8EE37DB8}
		{16567834-8BEA-4CE0-BAD1-5824BDB8AE4C} = {DD8A7AE2-F742-4828-A8F0-8171F1D0AAB2}
		{AB21211E-1AAA-4749-A3A4-ACE6D736BCBE} = {563733A8-6C68-4CFD-ABE1-116B4CB904F8}
		{CF097C3E-A199-4B90-86CA-639517C1ACD3} = {0E1EC8B2-D735-4D28-B71E-B105136012ED}
		{0E1EC8B2-D735-4D28-B71E-B105136012ED} = {563733A8-6C68-4CFD-ABE1-116B4CB904F8}
		{19947B02-A1F8-4774-BB2B-0B2E58EBF666} = {DD8A7AE2-F742-4828-A8F0-8171F1D0AAB2}
		{2E2BB9E3-78ED-4FB4-BAC4-A4DA4A1C4821} = {19947B02-A1F8-4774-BB2B-0B2E58EBF666}
		{3CEC6277-4C29-4B4A-8D7C-BC8C38BE5518} = {19947B02-A1F8-4774-BB2B-0B2E58EBF666}
		{D8994845-9A70-438D-9E77-4E4223F14568} = {19947B02-A1F8-4774-BB2B-0B2E58EBF666}
		{9C55794C-3E28-441E-9891-04D9699F0589} = {16567834-8BEA-4CE0-BAD1-5824BDB8AE4C}
		{3FB0DD7D-8AA8-42DE-84C8-38BF424D6E99} = {16567834-8BEA-4CE0-BAD1-5824BDB8AE4C}
		{02EF222B-B224-43B0-9FB6-21B08C1C5B1F} = {3FB0DD7D-8AA8-42DE-84C8-38BF424D6E99}
		{E5BD6CC8-1FA5-4EDC-9D64-0A90778DDAD4} = {19947B02-A1F8-4774-BB2B-0B2E58EBF666}
		{2A8DD8F2-9077-44EE-AA60-021EAA140A24} = {563733A8-6C68-4CFD-ABE1-116B4CB904F8}
		{2297FFA9-B030-4D52-A395-79CA8606B4F6} = {DD8A7AE2-F742-4828-A8F0-8171F1D0AAB2}
		{C7627EA1-CFD4-4821-BB03-BE837C9DA805} = {2297FFA9-B030-4D52-A395-79CA8606B4F6}
		{CBBCABE3-EEF1-4AD3-B02A-23FAE0A07DD9} = {16567834-8BEA-4CE0-BAD1-5824BDB8AE4C}
		{9C5751BE-CDA0-44B4-9982-3739DEE0DCA6} = {D41A058F-EE7D-4512-A586-6D5CA7E1DBC6}
		{57BE6620-D708-400F-8D61-DC0DCA0089FD} = {D41A058F-EE7D-4512-A586-6D5CA7E1DBC6}
		{C6E87D1A-C045-432F-9164-631312895ABC} = {D41A058F-EE7D-4512-A586-6D5CA7E1DBC6}
		{7C7AACF1-82F6-4881-A28D-9CCE5D79B26F} = {16567834-8BEA-4CE0-BAD1-5824BDB8AE4C}
		{50C9217C-184C-48DA-B012-5BF4A3B44CAF} = {36C2836E-0474-4CBF-AE00-B26C03336BEA}
		{2509AECC-A41F-4113-B895-958C6A7F55C5} = {36C2836E-0474-4CBF-AE00-B26C03336BEA}
		{4E4BABE4-4F67-40C8-8C90-8E4F77B0440F} = {2297FFA9-B030-4D52-A395-79CA8606B4F6}
		{0F1CCBD7-26EA-452D-A811-941D25455720} = {DD8A7AE2-F742-4828-A8F0-8171F1D0AAB2}
		{60300329-747D-4FDA-A365-0144A9C0F437} = {2E6B690C-7BEB-440C-A7A6-4D7F3910DE0E}
		{0A7C6DF6-A6AC-4326-A031-F5332055F200} = {D41A058F-EE7D-4512-A586-6D5CA7E1DBC6}
		{2E6B690C-7BEB-440C-A7A6-4D7F3910DE0E} = {19947B02-A1F8-4774-BB2B-0B2E58EBF666}
		{0B0DEFAF-04A9-4F3A-94F2-E466834F26E7} = {563733A8-6C68-4CFD-ABE1-116B4CB904F8}
		{FCE3CA9A-31F1-41BD-897F-78976C3C2DD2} = {563733A8-6C68-4CFD-ABE1-116B4CB904F8}
		{9F358A30-5610-4671-B2FA-AEDB016D92BF} = {19947B02-A1F8-4774-BB2B-0B2E58EBF666}
		{A7312B99-59F5-4B0F-8F6E-6B799A225430} = {563733A8-6C68-4CFD-ABE1-116B4CB904F8}
		{09081F43-505B-43AF-A078-F3AE83C33DC3} = {97A23845-4419-440D-AEF1-A618C95E29DF}
		{304169EC-5C88-469C-9F6D-25C6D4D5EA04} = {FEA3AD0C-302B-476E-82C3-5DEE8EE37DB8}
		{4749313A-C16D-4EAB-A403-505A6B2BDB42} = {97A23845-4419-440D-AEF1-A618C95E29DF}
		{858A1246-2549-4DA3-ACD6-A759FAD4870B} = {FEA3AD0C-302B-476E-82C3-5DEE8EE37DB8}
		{5B28F9A5-9C2D-46E9-8C3C-3F8A8C776821} = {16567834-8BEA-4CE0-BAD1-5824BDB8AE4C}
		{711C1007-501B-438B-B2CC-D6F6C2DAB935} = {16567834-8BEA-4CE0-BAD1-5824BDB8AE4C}
		{F1F5410F-4A1D-408E-B216-AA9421670AEB} = {8331F777-98CF-481F-95EC-D739098D6F46}
		{00B26835-5B8E-42E9-8DD0-91D9718DAFBF} = {FEA3AD0C-302B-476E-82C3-5DEE8EE37DB8}
		{D1E309DE-7CDA-46AE-88F6-7D51EB7DA64F} = {FEA3AD0C-302B-476E-82C3-5DEE8EE37DB8}
		{26B2FA3B-C069-4E5D-B809-D541EAFDAA13} = {FEA3AD0C-302B-476E-82C3-5DEE8EE37DB8}
		{C4F2E1DE-010D-4CDA-ADFA-6D5CC47890CC} = {FEA3AD0C-302B-476E-82C3-5DEE8EE37DB8}
		{15D29385-C502-4B97-8EC7-677D2661A0E7} = {FEA3AD0C-302B-476E-82C3-5DEE8EE37DB8}
		{33C7337A-CDEE-42AF-BDC4-0C1B4FF6F0AA} = {FEA3AD0C-302B-476E-82C3-5DEE8EE37DB8}
		{4F44A5CE-FBE1-4B71-8826-6C045A2B45ED} = {FEA3AD0C-302B-476E-82C3-5DEE8EE37DB8}
	EndGlobalSection
	GlobalSection(ExtensibilityGlobals) = postSolution
		SolutionGuid = {1304C42C-DB81-4564-876B-883455DDC187}
	EndGlobalSection
EndGlobal
